
Microsoft Visual Studio Solution File, Format Version 12.00
# Visual Studio 15
VisualStudioVersion = 15.0.28307.960
MinimumVisualStudioVersion = 10.0.40219.1
Project("{FAE04EC0-301F-11D3-BF4B-00C04F79EFBC}") = "MailSender", "MailSender\MailSender.csproj", "{F68F8420-E590-431D-BE8E-8CB506BD6C46}"
EndProject
Project("{FAE04EC0-301F-11D3-BF4B-00C04F79EFBC}") = "CodePasswordDLL", "CodePasswordDLL\CodePasswordDLL.csproj", "{D2B8C21F-3AD7-4210-AC90-074FC22814DA}"
EndProject
Project("{FAE04EC0-301F-11D3-BF4B-00C04F79EFBC}") = "CodePasswordDLL.Tests", "CodePasswordDLL.Tests\CodePasswordDLL.Tests.csproj", "{D8ACFC68-5441-447C-873F-B3B805F09B18}"
EndProject
Project("{FAE04EC0-301F-11D3-BF4B-00C04F79EFBC}") = "MailSenderTests", "MailSenderTests\MailSenderTests.csproj", "{4BD40825-0974-4393-9FFF-C2D356D676A2}"
EndProject
Project("{FAE04EC0-301F-11D3-BF4B-00C04F79EFBC}") = "Common", "Common\Common.csproj", "{02C40758-03CE-4BAD-9652-371B008F0C1A}"
EndProject
Global
	GlobalSection(SolutionConfigurationPlatforms) = preSolution
		Debug|Any CPU = Debug|Any CPU
		Release|Any CPU = Release|Any CPU
	EndGlobalSection
	GlobalSection(ProjectConfigurationPlatforms) = postSolution
		{F68F8420-E590-431D-BE8E-8CB506BD6C46}.Debug|Any CPU.ActiveCfg = Debug|Any CPU
		{F68F8420-E590-431D-BE8E-8CB506BD6C46}.Debug|Any CPU.Build.0 = Debug|Any CPU
		{F68F8420-E590-431D-BE8E-8CB506BD6C46}.Release|Any CPU.ActiveCfg = Release|Any CPU
		{F68F8420-E590-431D-BE8E-8CB506BD6C46}.Release|Any CPU.Build.0 = Release|Any CPU
		{D2B8C21F-3AD7-4210-AC90-074FC22814DA}.Debug|Any CPU.ActiveCfg = Debug|Any CPU
		{D2B8C21F-3AD7-4210-AC90-074FC22814DA}.Debug|Any CPU.Build.0 = Debug|Any CPU
		{D2B8C21F-3AD7-4210-AC90-074FC22814DA}.Release|Any CPU.ActiveCfg = Release|Any CPU
		{D2B8C21F-3AD7-4210-AC90-074FC22814DA}.Release|Any CPU.Build.0 = Release|Any CPU
		{D8ACFC68-5441-447C-873F-B3B805F09B18}.Debug|Any CPU.ActiveCfg = Debug|Any CPU
		{D8ACFC68-5441-447C-873F-B3B805F09B18}.Debug|Any CPU.Build.0 = Debug|Any CPU
		{D8ACFC68-5441-447C-873F-B3B805F09B18}.Release|Any CPU.ActiveCfg = Release|Any CPU
		{D8ACFC68-5441-447C-873F-B3B805F09B18}.Release|Any CPU.Build.0 = Release|Any CPU
		{4BD40825-0974-4393-9FFF-C2D356D676A2}.Debug|Any CPU.ActiveCfg = Debug|Any CPU
		{4BD40825-0974-4393-9FFF-C2D356D676A2}.Debug|Any CPU.Build.0 = Debug|Any CPU
		{4BD40825-0974-4393-9FFF-C2D356D676A2}.Release|Any CPU.ActiveCfg = Release|Any CPU
		{4BD40825-0974-4393-9FFF-C2D356D676A2}.Release|Any CPU.Build.0 = Release|Any CPU
		{02C40758-03CE-4BAD-9652-371B008F0C1A}.Debug|Any CPU.ActiveCfg = Debug|Any CPU
		{02C40758-03CE-4BAD-9652-371B008F0C1A}.Debug|Any CPU.Build.0 = Debug|Any CPU
		{02C40758-03CE-4BAD-9652-371B008F0C1A}.Release|Any CPU.ActiveCfg = Release|Any CPU
		{02C40758-03CE-4BAD-9652-371B008F0C1A}.Release|Any CPU.Build.0 = Release|Any CPU
	EndGlobalSection
	GlobalSection(SolutionProperties) = preSolution
		HideSolutionNode = FALSE
	EndGlobalSection
	GlobalSection(ExtensibilityGlobals) = postSolution
		SolutionGuid = {334951E0-66FE-4517-B095-B9E79B794213}
	EndGlobalSection
EndGlobal
